{
    "_meta": {
        "hash": {
            "sha256": "ac7c8906916e84ebbd4ad498105cc8b03109464431bc0001eee2bcb9b083acf6"
        },
        "pipfile-spec": 6,
        "requires": {
            "python_version": "3.9"
        },
        "sources": [
            {
                "name": "pypi",
                "url": "https://pypi.org/simple",
                "verify_ssl": true
            }
        ]
    },
    "default": {
        "lark-parser": {
            "hashes": [
                "sha256:0eaf30cb5ba787fe404d73a7d6e61df97b21d5a63ac26c5008c78a494373c675",
                "sha256:15967db1f1214013dca65b1180745047b9be457d73da224fcda3d9dd4e96a138"
            ],
            "index": "pypi",
            "version": "==0.12.0"
        },
        "pyxel": {
            "path": "./../../pyxel",
            "version": "==1.8.5"
        }
    },
    "develop": {}
}
